<?xml version="1.0" encoding="utf-8"?>
<Project ToolsVersion="4.0" xmlns="http://schemas.microsoft.com/developer/msbuild/2003">
  <ItemGroup>
    <ClCompile Include="GereMaquinas.c">
      <Filter>Source Files</Filter>
    </ClCompile>
    <ClCompile Include="Maquinas.c">
      <Filter>Source Files</Filter>
    </ClCompile>
  </ItemGroup>
  <ItemGroup>
    <ClInclude Include="Dados.h">
      <Filter>Header Files</Filter>
    </ClInclude>
    <ClInclude Include="Maquinas.h">
      <Filter>Header Files</Filter>
    </ClInclude>
    <ClInclude Include="Jobs.h">
      <Filter>Header Files</Filter>
    </ClInclude>
  </ItemGroup>
  <ItemGroup>
    <Filter Include="Header Files">
      <UniqueIdentifier>{9e0796ac-18c3-49b7-aa45-c43099d86339}</UniqueIdentifier>
    </Filter>
    <Filter Include="Source Files">
      <UniqueIdentifier>{6903a00e-a60d-42fa-afd1-b679b100cf74}</UniqueIdentifier>
    </Filter>
  </ItemGroup>
</Project>