
Microsoft Visual Studio Solution File, Format Version 12.00
# Visual Studio Version 16
VisualStudioVersion = 16.0.31205.134
MinimumVisualStudioVersion = 10.0.40219.1
Project("{8BC9CEB8-8B4A-11D0-8D11-00A0C91BC942}") = "Aula 1", "Aula 1\Aula1.vcxproj", "{C68F8E6D-9D0E-430B-818D-3CCC8A71934D}"
EndProject
Project("{8BC9CEB8-8B4A-11D0-8D11-00A0C91BC942}") = "Aula 2 - Apontadores", "Aula 2 - Apontadores\Aula 2 - Apontadores.vcxproj", "{CF156713-F9E3-4626-AB21-2CE7113B489E}"
EndProject
Project("{8BC9CEB8-8B4A-11D0-8D11-00A0C91BC942}") = "Aula 3 - Arrays e Apontadores", "Aula 3 - Arrays e Apontadores\Aula 3 - Arrays e Apontadores.vcxproj", "{20BC7844-7BDA-4C17-AC02-CB1463369BD0}"
EndProject
Project("{8BC9CEB8-8B4A-11D0-8D11-00A0C91BC942}") = "Aula 4 - Listas Ligadas", "Aula 4 - Listas Ligadas\Aula 4 - Listas Ligadas.vcxproj", "{A9DE823D-DF27-4F09-A7F5-68EAB7BFD57F}"
EndProject
Project("{8BC9CEB8-8B4A-11D0-8D11-00A0C91BC942}") = "AnaliseFicheiros", "Revisoes\AnalisarFicheiros\Files.vcxproj", "{15ACAB6E-9EC3-4C6A-891F-DE6291474D1E}"
EndProject
Project("{8BC9CEB8-8B4A-11D0-8D11-00A0C91BC942}") = "FichaDiagnostico", "Revisoes\FichaDiagnostico\FichaDiagnostico.vcxproj", "{285004BF-D66B-4673-9D12-FE34D9002973}"
EndProject
Project("{8BC9CEB8-8B4A-11D0-8D11-00A0C91BC942}") = "GereMaquinas", "GereMaquinas\GereMaquinas.vcxproj", "{1E768695-0E8A-4817-92ED-EFA7FFC6C108}"
EndProject
Project("{8BC9CEB8-8B4A-11D0-8D11-00A0C91BC942}") = "GereContactos", "GereContactos\GereContactos.vcxproj", "{B9879FE7-CBA4-4909-A20F-903A154B82F9}"
EndProject
Project("{8BC9CEB8-8B4A-11D0-8D11-00A0C91BC942}") = "Aula 4 - Listas Ligadas Duplas", "Outras Estruturas\Listas Duplas\Listas Duplas.vcxproj", "{956F1C8F-B610-4E93-9178-71307248D4FD}"
EndProject
Project("{8BC9CEB8-8B4A-11D0-8D11-00A0C91BC942}") = "Queue Lista", "Outras Estruturas\Queue Lista\Queue Lista.vcxproj", "{5F9CA15D-7B25-42A3-8B49-7D7F111943F2}"
EndProject
Project("{8BC9CEB8-8B4A-11D0-8D11-00A0C91BC942}") = "Stack Lista", "Outras Estruturas\Stack Lista\Stack Lista.vcxproj", "{E8DFCEF9-0B70-4968-BCD8-5338D74C6D7D}"
EndProject
Project("{8BC9CEB8-8B4A-11D0-8D11-00A0C91BC942}") = "Aula 5 - Listas Ligadas Genéricas", "Aula 5 - Listas Ligadas Genéricas\Aula 5 - Listas Ligadas Genéricas.vcxproj", "{577D5FDE-2084-4EA7-AD75-DF13EA504976}"
EndProject
Project("{8BC9CEB8-8B4A-11D0-8D11-00A0C91BC942}") = "Aula 6 - BTree", "Aula 6 - BTree\Aula 6 - BTree.vcxproj", "{EDFF2B81-5298-4418-9F3B-0EBD07D9C593}"
EndProject
Project("{2150E333-8FDC-42A3-9474-1A3956D46DE8}") = "Outras Estruturas Listas", "Outras Estruturas Listas", "{74B2BAC3-8316-4FDC-9793-3B1EB774A001}"
EndProject
Project("{8BC9CEB8-8B4A-11D0-8D11-00A0C91BC942}") = "Aula 4 - ListasLigadasSimples-Ficheiros", "Aula 4-ListasLigadasSimples-Ficheiros\Aula 4-ListasLigadasSimples-Ficheiros.vcxproj", "{C8F0CA59-07BE-4045-80DF-1FA385EBDCFE}"
EndProject
Project("{2150E333-8FDC-42A3-9474-1A3956D46DE8}") = "Consolidacao", "Consolidacao", "{87EBC1C4-3B8D-4DCE-9308-B7505789337C}"
EndProject
Project("{2150E333-8FDC-42A3-9474-1A3956D46DE8}") = "Ficheiros", "Ficheiros", "{B8A7A953-0FD2-4667-8D34-B365DD069183}"
EndProject
Project("{8BC9CEB8-8B4A-11D0-8D11-00A0C91BC942}") = "Ficheiros Texto", "Revisoes\Ficheiros\Ficheiros\Ficheiros.vcxproj", "{966AE173-EBDB-41D2-B903-9CA48E7DB40D}"
EndProject
Project("{8BC9CEB8-8B4A-11D0-8D11-00A0C91BC942}") = "Ficheiros Texto II", "Revisoes\Ficheiros\Ficheiros II\Ficheiros II.vcxproj", "{6772DF2F-4C28-432F-9952-57A5994EB0A9}"
EndProject
Project("{8BC9CEB8-8B4A-11D0-8D11-00A0C91BC942}") = "Ficheiros Binarios", "Revisoes\Ficheiros\Ficheiros III\Ficheiros III.vcxproj", "{9CCB5481-5227-4EE7-94EF-4687C63771BB}"
EndProject
Project("{8BC9CEB8-8B4A-11D0-8D11-00A0C91BC942}") = "Reutilizacao de Codigo - Ficheiros", "Revisoes\Reutilizacao de Codigo\Reutilizacao de Codigo.vcxproj", "{FE50182A-6DF6-4C48-ABAA-E8C207908AA7}"
EndProject
Project("{8BC9CEB8-8B4A-11D0-8D11-00A0C91BC942}") = "Aula 7 - Libs", "Aula 7 - Libs\Aula 7 - Libs.vcxproj", "{65E7BFA0-1CCA-4A6F-B001-3FC3AAF89527}"
EndProject
Project("{8BC9CEB8-8B4A-11D0-8D11-00A0C91BC942}") = "Aula 7 - UsaLib", "Aula 7 - UsaLib\Aula 7 - UsaLib.vcxproj", "{BBA111C4-DF29-43D4-B846-EE94D36CBA80}"
EndProject
Project("{8BC9CEB8-8B4A-11D0-8D11-00A0C91BC942}") = "GereContactos II - Listas Genericas", "GereContactos II\GereContactos II.vcxproj", "{D7DABF7A-2DE3-4ED3-86DA-59D23332CA6C}"
EndProject
Project("{8BC9CEB8-8B4A-11D0-8D11-00A0C91BC942}") = "GereContactos III - Arvores Binárias", "GereContactos III\GereContactos III.vcxproj", "{A3373555-C15A-4662-BBBF-2CA2165C09FA}"
EndProject
Project("{8BC9CEB8-8B4A-11D0-8D11-00A0C91BC942}") = "Aula 5 - Funcoes2aOrdem", "Aula 5 - Funcoes2aOrdem\Aula 5 - Funcoes2aOrdem.vcxproj", "{07EFA3BB-5C50-489C-AEDB-A9039F20422B}"
EndProject
Project("{8BC9CEB8-8B4A-11D0-8D11-00A0C91BC942}") = "CalcLib", "Revisoes\CalcLib\CalcLib.vcxproj", "{A8E6A99E-66D0-4FE7-92C7-827B6372F2A7}"
EndProject
Project("{8BC9CEB8-8B4A-11D0-8D11-00A0C91BC942}") = "Calculadora - UsaLib", "Revisoes\Calculadora\Calculadora.vcxproj", "{CC18E95D-75D7-42E9-8FB9-A82586C8DCDD}"
EndProject
Project("{8BC9CEB8-8B4A-11D0-8D11-00A0C91BC942}") = "Aula 8 - Hash Tables", "Aula 8 - Hash Tables\Aula 8 - Hash Tables.vcxproj", "{4128B5B2-A3FD-4CFF-8B5A-7C59A1C139AC}"
EndProject
Project("{8BC9CEB8-8B4A-11D0-8D11-00A0C91BC942}") = "Funcoes", "Revisoes\Revisoes\Funcoes.vcxproj", "{39887302-A369-4C19-9BF6-779130B07611}"
EndProject
Project("{8BC9CEB8-8B4A-11D0-8D11-00A0C91BC942}") = "Strings", "Revisoes\Manipular Strings\Manipular Strings\Strings.vcxproj", "{59A9AA67-CCB2-420B-B531-C5F594679E31}"
EndProject
Project("{8BC9CEB8-8B4A-11D0-8D11-00A0C91BC942}") = "Recursividade", "Revisoes\Recursividade\Recursividade.vcxproj", "{A55F93C2-4006-4A60-BAF0-AD3688C50E35}"
EndProject
Project("{8BC9CEB8-8B4A-11D0-8D11-00A0C91BC942}") = "Structs e Arrays Multidimensionais", "Revisoes\Structs e Arrays Multidimensionais\Structs e Arrays Multidimensionais\Structs e Arrays Multidimensionais.vcxproj", "{54F6915F-F750-4025-AF79-63C10144AE37}"
EndProject
Project("{8BC9CEB8-8B4A-11D0-8D11-00A0C91BC942}") = "Structs Date and Time", "Revisoes\Structs e Datas\Structs e Datas.vcxproj", "{D872AD7C-DB3E-4707-986D-846898A5484D}"
EndProject
Project("{8BC9CEB8-8B4A-11D0-8D11-00A0C91BC942}") = "Aula 9 - Btree AVL", "Aula 9 - Btree AVL\Aula 9 - Btree AVL.vcxproj", "{32BA6E69-4FDA-403F-AD52-3789479A1BC1}"
EndProject
Project("{8BC9CEB8-8B4A-11D0-8D11-00A0C91BC942}") = "Aula 10 - Grafos - LA", "Aula 10 - Grafos - LA\Aula 10 - Grafos - LA.vcxproj", "{55C9B527-6CCF-465F-B762-DDB1A248FDB3}"
EndProject
Project("{8BC9CEB8-8B4A-11D0-8D11-00A0C91BC942}") = "Aula 11 - Grafos - MA", "Aula 11 - Grafos - MA\Aula 11 - Grafos - MA.vcxproj", "{840EBA9B-6D6E-4D60-B803-70B9F26E0E1C}"
EndProject
Global
	GlobalSection(SolutionConfigurationPlatforms) = preSolution
		Debug|Any CPU = Debug|Any CPU
		Debug|x64 = Debug|x64
		Debug|x86 = Debug|x86
		Release|Any CPU = Release|Any CPU
		Release|x64 = Release|x64
		Release|x86 = Release|x86
	EndGlobalSection
	GlobalSection(ProjectConfigurationPlatforms) = postSolution
		{C68F8E6D-9D0E-430B-818D-3CCC8A71934D}.Debug|Any CPU.ActiveCfg = Debug|Win32
		{C68F8E6D-9D0E-430B-818D-3CCC8A71934D}.Debug|x64.ActiveCfg = Debug|x64
		{C68F8E6D-9D0E-430B-818D-3CCC8A71934D}.Debug|x64.Build.0 = Debug|x64
		{C68F8E6D-9D0E-430B-818D-3CCC8A71934D}.Debug|x86.ActiveCfg = Debug|Win32
		{C68F8E6D-9D0E-430B-818D-3CCC8A71934D}.Debug|x86.Build.0 = Debug|Win32
		{C68F8E6D-9D0E-430B-818D-3CCC8A71934D}.Release|Any CPU.ActiveCfg = Release|Win32
		{C68F8E6D-9D0E-430B-818D-3CCC8A71934D}.Release|x64.ActiveCfg = Release|x64
		{C68F8E6D-9D0E-430B-818D-3CCC8A71934D}.Release|x64.Build.0 = Release|x64
		{C68F8E6D-9D0E-430B-818D-3CCC8A71934D}.Release|x86.ActiveCfg = Release|Win32
		{C68F8E6D-9D0E-430B-818D-3CCC8A71934D}.Release|x86.Build.0 = Release|Win32
		{CF156713-F9E3-4626-AB21-2CE7113B489E}.Debug|Any CPU.ActiveCfg = Debug|Win32
		{CF156713-F9E3-4626-AB21-2CE7113B489E}.Debug|x64.ActiveCfg = Debug|x64
		{CF156713-F9E3-4626-AB21-2CE7113B489E}.Debug|x64.Build.0 = Debug|x64
		{CF156713-F9E3-4626-AB21-2CE7113B489E}.Debug|x86.ActiveCfg = Debug|Win32
		{CF156713-F9E3-4626-AB21-2CE7113B489E}.Debug|x86.Build.0 = Debug|Win32
		{CF156713-F9E3-4626-AB21-2CE7113B489E}.Release|Any CPU.ActiveCfg = Release|Win32
		{CF156713-F9E3-4626-AB21-2CE7113B489E}.Release|x64.ActiveCfg = Release|x64
		{CF156713-F9E3-4626-AB21-2CE7113B489E}.Release|x64.Build.0 = Release|x64
		{CF156713-F9E3-4626-AB21-2CE7113B489E}.Release|x86.ActiveCfg = Release|Win32
		{CF156713-F9E3-4626-AB21-2CE7113B489E}.Release|x86.Build.0 = Release|Win32
		{20BC7844-7BDA-4C17-AC02-CB1463369BD0}.Debug|Any CPU.ActiveCfg = Debug|Win32
		{20BC7844-7BDA-4C17-AC02-CB1463369BD0}.Debug|x64.ActiveCfg = Debug|x64
		{20BC7844-7BDA-4C17-AC02-CB1463369BD0}.Debug|x64.Build.0 = Debug|x64
		{20BC7844-7BDA-4C17-AC02-CB1463369BD0}.Debug|x86.ActiveCfg = Debug|Win32
		{20BC7844-7BDA-4C17-AC02-CB1463369BD0}.Debug|x86.Build.0 = Debug|Win32
		{20BC7844-7BDA-4C17-AC02-CB1463369BD0}.Release|Any CPU.ActiveCfg = Release|Win32
		{20BC7844-7BDA-4C17-AC02-CB1463369BD0}.Release|x64.ActiveCfg = Release|x64
		{20BC7844-7BDA-4C17-AC02-CB1463369BD0}.Release|x64.Build.0 = Release|x64
		{20BC7844-7BDA-4C17-AC02-CB1463369BD0}.Release|x86.ActiveCfg = Release|Win32
		{20BC7844-7BDA-4C17-AC02-CB1463369BD0}.Release|x86.Build.0 = Release|Win32
		{A9DE823D-DF27-4F09-A7F5-68EAB7BFD57F}.Debug|Any CPU.ActiveCfg = Debug|Win32
		{A9DE823D-DF27-4F09-A7F5-68EAB7BFD57F}.Debug|x64.ActiveCfg = Debug|x64
		{A9DE823D-DF27-4F09-A7F5-68EAB7BFD57F}.Debug|x64.Build.0 = Debug|x64
		{A9DE823D-DF27-4F09-A7F5-68EAB7BFD57F}.Debug|x86.ActiveCfg = Debug|Win32
		{A9DE823D-DF27-4F09-A7F5-68EAB7BFD57F}.Debug|x86.Build.0 = Debug|Win32
		{A9DE823D-DF27-4F09-A7F5-68EAB7BFD57F}.Release|Any CPU.ActiveCfg = Release|Win32
		{A9DE823D-DF27-4F09-A7F5-68EAB7BFD57F}.Release|x64.ActiveCfg = Release|x64
		{A9DE823D-DF27-4F09-A7F5-68EAB7BFD57F}.Release|x64.Build.0 = Release|x64
		{A9DE823D-DF27-4F09-A7F5-68EAB7BFD57F}.Release|x86.ActiveCfg = Release|Win32
		{A9DE823D-DF27-4F09-A7F5-68EAB7BFD57F}.Release|x86.Build.0 = Release|Win32
		{15ACAB6E-9EC3-4C6A-891F-DE6291474D1E}.Debug|Any CPU.ActiveCfg = Debug|Win32
		{15ACAB6E-9EC3-4C6A-891F-DE6291474D1E}.Debug|x64.ActiveCfg = Debug|x64
		{15ACAB6E-9EC3-4C6A-891F-DE6291474D1E}.Debug|x64.Build.0 = Debug|x64
		{15ACAB6E-9EC3-4C6A-891F-DE6291474D1E}.Debug|x86.ActiveCfg = Debug|Win32
		{15ACAB6E-9EC3-4C6A-891F-DE6291474D1E}.Debug|x86.Build.0 = Debug|Win32
		{15ACAB6E-9EC3-4C6A-891F-DE6291474D1E}.Release|Any CPU.ActiveCfg = Release|Win32
		{15ACAB6E-9EC3-4C6A-891F-DE6291474D1E}.Release|x64.ActiveCfg = Release|x64
		{15ACAB6E-9EC3-4C6A-891F-DE6291474D1E}.Release|x64.Build.0 = Release|x64
		{15ACAB6E-9EC3-4C6A-891F-DE6291474D1E}.Release|x86.ActiveCfg = Release|Win32
		{15ACAB6E-9EC3-4C6A-891F-DE6291474D1E}.Release|x86.Build.0 = Release|Win32
		{285004BF-D66B-4673-9D12-FE34D9002973}.Debug|Any CPU.ActiveCfg = Debug|Win32
		{285004BF-D66B-4673-9D12-FE34D9002973}.Debug|x64.ActiveCfg = Debug|x64
		{285004BF-D66B-4673-9D12-FE34D9002973}.Debug|x64.Build.0 = Debug|x64
		{285004BF-D66B-4673-9D12-FE34D9002973}.Debug|x86.ActiveCfg = Debug|Win32
		{285004BF-D66B-4673-9D12-FE34D9002973}.Debug|x86.Build.0 = Debug|Win32
		{285004BF-D66B-4673-9D12-FE34D9002973}.Release|Any CPU.ActiveCfg = Release|Win32
		{285004BF-D66B-4673-9D12-FE34D9002973}.Release|x64.ActiveCfg = Release|x64
		{285004BF-D66B-4673-9D12-FE34D9002973}.Release|x64.Build.0 = Release|x64
		{285004BF-D66B-4673-9D12-FE34D9002973}.Release|x86.ActiveCfg = Release|Win32
		{285004BF-D66B-4673-9D12-FE34D9002973}.Release|x86.Build.0 = Release|Win32
		{1E768695-0E8A-4817-92ED-EFA7FFC6C108}.Debug|Any CPU.ActiveCfg = Debug|Win32
		{1E768695-0E8A-4817-92ED-EFA7FFC6C108}.Debug|x64.ActiveCfg = Debug|x64
		{1E768695-0E8A-4817-92ED-EFA7FFC6C108}.Debug|x64.Build.0 = Debug|x64
		{1E768695-0E8A-4817-92ED-EFA7FFC6C108}.Debug|x86.ActiveCfg = Debug|Win32
		{1E768695-0E8A-4817-92ED-EFA7FFC6C108}.Debug|x86.Build.0 = Debug|Win32
		{1E768695-0E8A-4817-92ED-EFA7FFC6C108}.Release|Any CPU.ActiveCfg = Release|Win32
		{1E768695-0E8A-4817-92ED-EFA7FFC6C108}.Release|x64.ActiveCfg = Release|x64
		{1E768695-0E8A-4817-92ED-EFA7FFC6C108}.Release|x64.Build.0 = Release|x64
		{1E768695-0E8A-4817-92ED-EFA7FFC6C108}.Release|x86.ActiveCfg = Release|Win32
		{1E768695-0E8A-4817-92ED-EFA7FFC6C108}.Release|x86.Build.0 = Release|Win32
		{B9879FE7-CBA4-4909-A20F-903A154B82F9}.Debug|Any CPU.ActiveCfg = Debug|Win32
		{B9879FE7-CBA4-4909-A20F-903A154B82F9}.Debug|x64.ActiveCfg = Debug|x64
		{B9879FE7-CBA4-4909-A20F-903A154B82F9}.Debug|x64.Build.0 = Debug|x64
		{B9879FE7-CBA4-4909-A20F-903A154B82F9}.Debug|x86.ActiveCfg = Debug|Win32
		{B9879FE7-CBA4-4909-A20F-903A154B82F9}.Debug|x86.Build.0 = Debug|Win32
		{B9879FE7-CBA4-4909-A20F-903A154B82F9}.Release|Any CPU.ActiveCfg = Release|Win32
		{B9879FE7-CBA4-4909-A20F-903A154B82F9}.Release|x64.ActiveCfg = Release|x64
		{B9879FE7-CBA4-4909-A20F-903A154B82F9}.Release|x64.Build.0 = Release|x64
		{B9879FE7-CBA4-4909-A20F-903A154B82F9}.Release|x86.ActiveCfg = Release|Win32
		{B9879FE7-CBA4-4909-A20F-903A154B82F9}.Release|x86.Build.0 = Release|Win32
		{956F1C8F-B610-4E93-9178-71307248D4FD}.Debug|Any CPU.ActiveCfg = Debug|Win32
		{956F1C8F-B610-4E93-9178-71307248D4FD}.Debug|x64.ActiveCfg = Debug|x64
		{956F1C8F-B610-4E93-9178-71307248D4FD}.Debug|x64.Build.0 = Debug|x64
		{956F1C8F-B610-4E93-9178-71307248D4FD}.Debug|x86.ActiveCfg = Debug|Win32
		{956F1C8F-B610-4E93-9178-71307248D4FD}.Debug|x86.Build.0 = Debug|Win32
		{956F1C8F-B610-4E93-9178-71307248D4FD}.Release|Any CPU.ActiveCfg = Release|Win32
		{956F1C8F-B610-4E93-9178-71307248D4FD}.Release|x64.ActiveCfg = Release|x64
		{956F1C8F-B610-4E93-9178-71307248D4FD}.Release|x64.Build.0 = Release|x64
		{956F1C8F-B610-4E93-9178-71307248D4FD}.Release|x86.ActiveCfg = Release|Win32
		{956F1C8F-B610-4E93-9178-71307248D4FD}.Release|x86.Build.0 = Release|Win32
		{5F9CA15D-7B25-42A3-8B49-7D7F111943F2}.Debug|Any CPU.ActiveCfg = Debug|Win32
		{5F9CA15D-7B25-42A3-8B49-7D7F111943F2}.Debug|x64.ActiveCfg = Debug|x64
		{5F9CA15D-7B25-42A3-8B49-7D7F111943F2}.Debug|x64.Build.0 = Debug|x64
		{5F9CA15D-7B25-42A3-8B49-7D7F111943F2}.Debug|x86.ActiveCfg = Debug|Win32
		{5F9CA15D-7B25-42A3-8B49-7D7F111943F2}.Debug|x86.Build.0 = Debug|Win32
		{5F9CA15D-7B25-42A3-8B49-7D7F111943F2}.Release|Any CPU.ActiveCfg = Release|Win32
		{5F9CA15D-7B25-42A3-8B49-7D7F111943F2}.Release|x64.ActiveCfg = Release|x64
		{5F9CA15D-7B25-42A3-8B49-7D7F111943F2}.Release|x64.Build.0 = Release|x64
		{5F9CA15D-7B25-42A3-8B49-7D7F111943F2}.Release|x86.ActiveCfg = Release|Win32
		{5F9CA15D-7B25-42A3-8B49-7D7F111943F2}.Release|x86.Build.0 = Release|Win32
		{E8DFCEF9-0B70-4968-BCD8-5338D74C6D7D}.Debug|Any CPU.ActiveCfg = Debug|Win32
		{E8DFCEF9-0B70-4968-BCD8-5338D74C6D7D}.Debug|x64.ActiveCfg = Debug|x64
		{E8DFCEF9-0B70-4968-BCD8-5338D74C6D7D}.Debug|x64.Build.0 = Debug|x64
		{E8DFCEF9-0B70-4968-BCD8-5338D74C6D7D}.Debug|x86.ActiveCfg = Debug|Win32
		{E8DFCEF9-0B70-4968-BCD8-5338D74C6D7D}.Debug|x86.Build.0 = Debug|Win32
		{E8DFCEF9-0B70-4968-BCD8-5338D74C6D7D}.Release|Any CPU.ActiveCfg = Release|Win32
		{E8DFCEF9-0B70-4968-BCD8-5338D74C6D7D}.Release|x64.ActiveCfg = Release|x64
		{E8DFCEF9-0B70-4968-BCD8-5338D74C6D7D}.Release|x64.Build.0 = Release|x64
		{E8DFCEF9-0B70-4968-BCD8-5338D74C6D7D}.Release|x86.ActiveCfg = Release|Win32
		{E8DFCEF9-0B70-4968-BCD8-5338D74C6D7D}.Release|x86.Build.0 = Release|Win32
		{577D5FDE-2084-4EA7-AD75-DF13EA504976}.Debug|Any CPU.ActiveCfg = Debug|Win32
		{577D5FDE-2084-4EA7-AD75-DF13EA504976}.Debug|x64.ActiveCfg = Debug|x64
		{577D5FDE-2084-4EA7-AD75-DF13EA504976}.Debug|x64.Build.0 = Debug|x64
		{577D5FDE-2084-4EA7-AD75-DF13EA504976}.Debug|x86.ActiveCfg = Debug|Win32
		{577D5FDE-2084-4EA7-AD75-DF13EA504976}.Debug|x86.Build.0 = Debug|Win32
		{577D5FDE-2084-4EA7-AD75-DF13EA504976}.Release|Any CPU.ActiveCfg = Release|Win32
		{577D5FDE-2084-4EA7-AD75-DF13EA504976}.Release|x64.ActiveCfg = Release|x64
		{577D5FDE-2084-4EA7-AD75-DF13EA504976}.Release|x64.Build.0 = Release|x64
		{577D5FDE-2084-4EA7-AD75-DF13EA504976}.Release|x86.ActiveCfg = Release|Win32
		{577D5FDE-2084-4EA7-AD75-DF13EA504976}.Release|x86.Build.0 = Release|Win32
		{EDFF2B81-5298-4418-9F3B-0EBD07D9C593}.Debug|Any CPU.ActiveCfg = Debug|Win32
		{EDFF2B81-5298-4418-9F3B-0EBD07D9C593}.Debug|x64.ActiveCfg = Debug|x64
		{EDFF2B81-5298-4418-9F3B-0EBD07D9C593}.Debug|x64.Build.0 = Debug|x64
		{EDFF2B81-5298-4418-9F3B-0EBD07D9C593}.Debug|x86.ActiveCfg = Debug|Win32
		{EDFF2B81-5298-4418-9F3B-0EBD07D9C593}.Debug|x86.Build.0 = Debug|Win32
		{EDFF2B81-5298-4418-9F3B-0EBD07D9C593}.Release|Any CPU.ActiveCfg = Release|Win32
		{EDFF2B81-5298-4418-9F3B-0EBD07D9C593}.Release|x64.ActiveCfg = Release|x64
		{EDFF2B81-5298-4418-9F3B-0EBD07D9C593}.Release|x64.Build.0 = Release|x64
		{EDFF2B81-5298-4418-9F3B-0EBD07D9C593}.Release|x86.ActiveCfg = Release|Win32
		{EDFF2B81-5298-4418-9F3B-0EBD07D9C593}.Release|x86.Build.0 = Release|Win32
		{C8F0CA59-07BE-4045-80DF-1FA385EBDCFE}.Debug|Any CPU.ActiveCfg = Debug|Win32
		{C8F0CA59-07BE-4045-80DF-1FA385EBDCFE}.Debug|x64.ActiveCfg = Debug|x64
		{C8F0CA59-07BE-4045-80DF-1FA385EBDCFE}.Debug|x64.Build.0 = Debug|x64
		{C8F0CA59-07BE-4045-80DF-1FA385EBDCFE}.Debug|x86.ActiveCfg = Debug|Win32
		{C8F0CA59-07BE-4045-80DF-1FA385EBDCFE}.Debug|x86.Build.0 = Debug|Win32
		{C8F0CA59-07BE-4045-80DF-1FA385EBDCFE}.Release|Any CPU.ActiveCfg = Release|Win32
		{C8F0CA59-07BE-4045-80DF-1FA385EBDCFE}.Release|x64.ActiveCfg = Release|x64
		{C8F0CA59-07BE-4045-80DF-1FA385EBDCFE}.Release|x64.Build.0 = Release|x64
		{C8F0CA59-07BE-4045-80DF-1FA385EBDCFE}.Release|x86.ActiveCfg = Release|Win32
		{C8F0CA59-07BE-4045-80DF-1FA385EBDCFE}.Release|x86.Build.0 = Release|Win32
		{966AE173-EBDB-41D2-B903-9CA48E7DB40D}.Debug|Any CPU.ActiveCfg = Debug|Win32
		{966AE173-EBDB-41D2-B903-9CA48E7DB40D}.Debug|x64.ActiveCfg = Debug|x64
		{966AE173-EBDB-41D2-B903-9CA48E7DB40D}.Debug|x64.Build.0 = Debug|x64
		{966AE173-EBDB-41D2-B903-9CA48E7DB40D}.Debug|x86.ActiveCfg = Debug|Win32
		{966AE173-EBDB-41D2-B903-9CA48E7DB40D}.Debug|x86.Build.0 = Debug|Win32
		{966AE173-EBDB-41D2-B903-9CA48E7DB40D}.Release|Any CPU.ActiveCfg = Release|Win32
		{966AE173-EBDB-41D2-B903-9CA48E7DB40D}.Release|x64.ActiveCfg = Release|x64
		{966AE173-EBDB-41D2-B903-9CA48E7DB40D}.Release|x64.Build.0 = Release|x64
		{966AE173-EBDB-41D2-B903-9CA48E7DB40D}.Release|x86.ActiveCfg = Release|Win32
		{966AE173-EBDB-41D2-B903-9CA48E7DB40D}.Release|x86.Build.0 = Release|Win32
		{6772DF2F-4C28-432F-9952-57A5994EB0A9}.Debug|Any CPU.ActiveCfg = Debug|Win32
		{6772DF2F-4C28-432F-9952-57A5994EB0A9}.Debug|x64.ActiveCfg = Debug|x64
		{6772DF2F-4C28-432F-9952-57A5994EB0A9}.Debug|x64.Build.0 = Debug|x64
		{6772DF2F-4C28-432F-9952-57A5994EB0A9}.Debug|x86.ActiveCfg = Debug|Win32
		{6772DF2F-4C28-432F-9952-57A5994EB0A9}.Debug|x86.Build.0 = Debug|Win32
		{6772DF2F-4C28-432F-9952-57A5994EB0A9}.Release|Any CPU.ActiveCfg = Release|Win32
		{6772DF2F-4C28-432F-9952-57A5994EB0A9}.Release|x64.ActiveCfg = Release|x64
		{6772DF2F-4C28-432F-9952-57A5994EB0A9}.Release|x64.Build.0 = Release|x64
		{6772DF2F-4C28-432F-9952-57A5994EB0A9}.Release|x86.ActiveCfg = Release|Win32
		{6772DF2F-4C28-432F-9952-57A5994EB0A9}.Release|x86.Build.0 = Release|Win32
		{9CCB5481-5227-4EE7-94EF-4687C63771BB}.Debug|Any CPU.ActiveCfg = Debug|Win32
		{9CCB5481-5227-4EE7-94EF-4687C63771BB}.Debug|x64.ActiveCfg = Debug|x64
		{9CCB5481-5227-4EE7-94EF-4687C63771BB}.Debug|x64.Build.0 = Debug|x64
		{9CCB5481-5227-4EE7-94EF-4687C63771BB}.Debug|x86.ActiveCfg = Debug|Win32
		{9CCB5481-5227-4EE7-94EF-4687C63771BB}.Debug|x86.Build.0 = Debug|Win32
		{9CCB5481-5227-4EE7-94EF-4687C63771BB}.Release|Any CPU.ActiveCfg = Release|Win32
		{9CCB5481-5227-4EE7-94EF-4687C63771BB}.Release|x64.ActiveCfg = Release|x64
		{9CCB5481-5227-4EE7-94EF-4687C63771BB}.Release|x64.Build.0 = Release|x64
		{9CCB5481-5227-4EE7-94EF-4687C63771BB}.Release|x86.ActiveCfg = Release|Win32
		{9CCB5481-5227-4EE7-94EF-4687C63771BB}.Release|x86.Build.0 = Release|Win32
		{FE50182A-6DF6-4C48-ABAA-E8C207908AA7}.Debug|Any CPU.ActiveCfg = Debug|Win32
		{FE50182A-6DF6-4C48-ABAA-E8C207908AA7}.Debug|x64.ActiveCfg = Debug|x64
		{FE50182A-6DF6-4C48-ABAA-E8C207908AA7}.Debug|x64.Build.0 = Debug|x64
		{FE50182A-6DF6-4C48-ABAA-E8C207908AA7}.Debug|x86.ActiveCfg = Debug|Win32
		{FE50182A-6DF6-4C48-ABAA-E8C207908AA7}.Debug|x86.Build.0 = Debug|Win32
		{FE50182A-6DF6-4C48-ABAA-E8C207908AA7}.Release|Any CPU.ActiveCfg = Release|Win32
		{FE50182A-6DF6-4C48-ABAA-E8C207908AA7}.Release|x64.ActiveCfg = Release|x64
		{FE50182A-6DF6-4C48-ABAA-E8C207908AA7}.Release|x64.Build.0 = Release|x64
		{FE50182A-6DF6-4C48-ABAA-E8C207908AA7}.Release|x86.ActiveCfg = Release|Win32
		{FE50182A-6DF6-4C48-ABAA-E8C207908AA7}.Release|x86.Build.0 = Release|Win32
		{65E7BFA0-1CCA-4A6F-B001-3FC3AAF89527}.Debug|Any CPU.ActiveCfg = Debug|Win32
		{65E7BFA0-1CCA-4A6F-B001-3FC3AAF89527}.Debug|x64.ActiveCfg = Debug|x64
		{65E7BFA0-1CCA-4A6F-B001-3FC3AAF89527}.Debug|x64.Build.0 = Debug|x64
		{65E7BFA0-1CCA-4A6F-B001-3FC3AAF89527}.Debug|x86.ActiveCfg = Debug|Win32
		{65E7BFA0-1CCA-4A6F-B001-3FC3AAF89527}.Debug|x86.Build.0 = Debug|Win32
		{65E7BFA0-1CCA-4A6F-B001-3FC3AAF89527}.Release|Any CPU.ActiveCfg = Release|Win32
		{65E7BFA0-1CCA-4A6F-B001-3FC3AAF89527}.Release|x64.ActiveCfg = Release|x64
		{65E7BFA0-1CCA-4A6F-B001-3FC3AAF89527}.Release|x64.Build.0 = Release|x64
		{65E7BFA0-1CCA-4A6F-B001-3FC3AAF89527}.Release|x86.ActiveCfg = Release|Win32
		{65E7BFA0-1CCA-4A6F-B001-3FC3AAF89527}.Release|x86.Build.0 = Release|Win32
		{BBA111C4-DF29-43D4-B846-EE94D36CBA80}.Debug|Any CPU.ActiveCfg = Debug|Win32
		{BBA111C4-DF29-43D4-B846-EE94D36CBA80}.Debug|x64.ActiveCfg = Debug|x64
		{BBA111C4-DF29-43D4-B846-EE94D36CBA80}.Debug|x64.Build.0 = Debug|x64
		{BBA111C4-DF29-43D4-B846-EE94D36CBA80}.Debug|x86.ActiveCfg = Debug|Win32
		{BBA111C4-DF29-43D4-B846-EE94D36CBA80}.Debug|x86.Build.0 = Debug|Win32
		{BBA111C4-DF29-43D4-B846-EE94D36CBA80}.Release|Any CPU.ActiveCfg = Release|Win32
		{BBA111C4-DF29-43D4-B846-EE94D36CBA80}.Release|x64.ActiveCfg = Release|x64
		{BBA111C4-DF29-43D4-B846-EE94D36CBA80}.Release|x64.Build.0 = Release|x64
		{BBA111C4-DF29-43D4-B846-EE94D36CBA80}.Release|x86.ActiveCfg = Release|Win32
		{BBA111C4-DF29-43D4-B846-EE94D36CBA80}.Release|x86.Build.0 = Release|Win32
		{D7DABF7A-2DE3-4ED3-86DA-59D23332CA6C}.Debug|Any CPU.ActiveCfg = Debug|Win32
		{D7DABF7A-2DE3-4ED3-86DA-59D23332CA6C}.Debug|x64.ActiveCfg = Debug|x64
		{D7DABF7A-2DE3-4ED3-86DA-59D23332CA6C}.Debug|x64.Build.0 = Debug|x64
		{D7DABF7A-2DE3-4ED3-86DA-59D23332CA6C}.Debug|x86.ActiveCfg = Debug|Win32
		{D7DABF7A-2DE3-4ED3-86DA-59D23332CA6C}.Debug|x86.Build.0 = Debug|Win32
		{D7DABF7A-2DE3-4ED3-86DA-59D23332CA6C}.Release|Any CPU.ActiveCfg = Release|Win32
		{D7DABF7A-2DE3-4ED3-86DA-59D23332CA6C}.Release|x64.ActiveCfg = Release|x64
		{D7DABF7A-2DE3-4ED3-86DA-59D23332CA6C}.Release|x64.Build.0 = Release|x64
		{D7DABF7A-2DE3-4ED3-86DA-59D23332CA6C}.Release|x86.ActiveCfg = Release|Win32
		{D7DABF7A-2DE3-4ED3-86DA-59D23332CA6C}.Release|x86.Build.0 = Release|Win32
		{A3373555-C15A-4662-BBBF-2CA2165C09FA}.Debug|Any CPU.ActiveCfg = Debug|Win32
		{A3373555-C15A-4662-BBBF-2CA2165C09FA}.Debug|x64.ActiveCfg = Debug|x64
		{A3373555-C15A-4662-BBBF-2CA2165C09FA}.Debug|x64.Build.0 = Debug|x64
		{A3373555-C15A-4662-BBBF-2CA2165C09FA}.Debug|x86.ActiveCfg = Debug|Win32
		{A3373555-C15A-4662-BBBF-2CA2165C09FA}.Debug|x86.Build.0 = Debug|Win32
		{A3373555-C15A-4662-BBBF-2CA2165C09FA}.Release|Any CPU.ActiveCfg = Release|Win32
		{A3373555-C15A-4662-BBBF-2CA2165C09FA}.Release|x64.ActiveCfg = Release|x64
		{A3373555-C15A-4662-BBBF-2CA2165C09FA}.Release|x64.Build.0 = Release|x64
		{A3373555-C15A-4662-BBBF-2CA2165C09FA}.Release|x86.ActiveCfg = Release|Win32
		{A3373555-C15A-4662-BBBF-2CA2165C09FA}.Release|x86.Build.0 = Release|Win32
		{07EFA3BB-5C50-489C-AEDB-A9039F20422B}.Debug|Any CPU.ActiveCfg = Debug|Win32
		{07EFA3BB-5C50-489C-AEDB-A9039F20422B}.Debug|x64.ActiveCfg = Debug|x64
		{07EFA3BB-5C50-489C-AEDB-A9039F20422B}.Debug|x64.Build.0 = Debug|x64
		{07EFA3BB-5C50-489C-AEDB-A9039F20422B}.Debug|x86.ActiveCfg = Debug|Win32
		{07EFA3BB-5C50-489C-AEDB-A9039F20422B}.Debug|x86.Build.0 = Debug|Win32
		{07EFA3BB-5C50-489C-AEDB-A9039F20422B}.Release|Any CPU.ActiveCfg = Release|Win32
		{07EFA3BB-5C50-489C-AEDB-A9039F20422B}.Release|x64.ActiveCfg = Release|x64
		{07EFA3BB-5C50-489C-AEDB-A9039F20422B}.Release|x64.Build.0 = Release|x64
		{07EFA3BB-5C50-489C-AEDB-A9039F20422B}.Release|x86.ActiveCfg = Release|Win32
		{07EFA3BB-5C50-489C-AEDB-A9039F20422B}.Release|x86.Build.0 = Release|Win32
		{A8E6A99E-66D0-4FE7-92C7-827B6372F2A7}.Debug|Any CPU.ActiveCfg = Debug|Win32
		{A8E6A99E-66D0-4FE7-92C7-827B6372F2A7}.Debug|x64.ActiveCfg = Debug|x64
		{A8E6A99E-66D0-4FE7-92C7-827B6372F2A7}.Debug|x64.Build.0 = Debug|x64
		{A8E6A99E-66D0-4FE7-92C7-827B6372F2A7}.Debug|x86.ActiveCfg = Debug|Win32
		{A8E6A99E-66D0-4FE7-92C7-827B6372F2A7}.Debug|x86.Build.0 = Debug|Win32
		{A8E6A99E-66D0-4FE7-92C7-827B6372F2A7}.Release|Any CPU.ActiveCfg = Release|Win32
		{A8E6A99E-66D0-4FE7-92C7-827B6372F2A7}.Release|x64.ActiveCfg = Release|x64
		{A8E6A99E-66D0-4FE7-92C7-827B6372F2A7}.Release|x64.Build.0 = Release|x64
		{A8E6A99E-66D0-4FE7-92C7-827B6372F2A7}.Release|x86.ActiveCfg = Release|Win32
		{A8E6A99E-66D0-4FE7-92C7-827B6372F2A7}.Release|x86.Build.0 = Release|Win32
		{CC18E95D-75D7-42E9-8FB9-A82586C8DCDD}.Debug|Any CPU.ActiveCfg = Debug|Win32
		{CC18E95D-75D7-42E9-8FB9-A82586C8DCDD}.Debug|x64.ActiveCfg = Debug|x64
		{CC18E95D-75D7-42E9-8FB9-A82586C8DCDD}.Debug|x64.Build.0 = Debug|x64
		{CC18E95D-75D7-42E9-8FB9-A82586C8DCDD}.Debug|x86.ActiveCfg = Debug|Win32
		{CC18E95D-75D7-42E9-8FB9-A82586C8DCDD}.Debug|x86.Build.0 = Debug|Win32
		{CC18E95D-75D7-42E9-8FB9-A82586C8DCDD}.Release|Any CPU.ActiveCfg = Release|Win32
		{CC18E95D-75D7-42E9-8FB9-A82586C8DCDD}.Release|x64.ActiveCfg = Release|x64
		{CC18E95D-75D7-42E9-8FB9-A82586C8DCDD}.Release|x64.Build.0 = Release|x64
		{CC18E95D-75D7-42E9-8FB9-A82586C8DCDD}.Release|x86.ActiveCfg = Release|Win32
		{CC18E95D-75D7-42E9-8FB9-A82586C8DCDD}.Release|x86.Build.0 = Release|Win32
		{4128B5B2-A3FD-4CFF-8B5A-7C59A1C139AC}.Debug|Any CPU.ActiveCfg = Debug|Win32
		{4128B5B2-A3FD-4CFF-8B5A-7C59A1C139AC}.Debug|x64.ActiveCfg = Debug|x64
		{4128B5B2-A3FD-4CFF-8B5A-7C59A1C139AC}.Debug|x64.Build.0 = Debug|x64
		{4128B5B2-A3FD-4CFF-8B5A-7C59A1C139AC}.Debug|x86.ActiveCfg = Debug|Win32
		{4128B5B2-A3FD-4CFF-8B5A-7C59A1C139AC}.Debug|x86.Build.0 = Debug|Win32
		{4128B5B2-A3FD-4CFF-8B5A-7C59A1C139AC}.Release|Any CPU.ActiveCfg = Release|Win32
		{4128B5B2-A3FD-4CFF-8B5A-7C59A1C139AC}.Release|x64.ActiveCfg = Release|x64
		{4128B5B2-A3FD-4CFF-8B5A-7C59A1C139AC}.Release|x64.Build.0 = Release|x64
		{4128B5B2-A3FD-4CFF-8B5A-7C59A1C139AC}.Release|x86.ActiveCfg = Release|Win32
		{4128B5B2-A3FD-4CFF-8B5A-7C59A1C139AC}.Release|x86.Build.0 = Release|Win32
		{39887302-A369-4C19-9BF6-779130B07611}.Debug|Any CPU.ActiveCfg = Debug|Win32
		{39887302-A369-4C19-9BF6-779130B07611}.Debug|x64.ActiveCfg = Debug|x64
		{39887302-A369-4C19-9BF6-779130B07611}.Debug|x64.Build.0 = Debug|x64
		{39887302-A369-4C19-9BF6-779130B07611}.Debug|x86.ActiveCfg = Debug|Win32
		{39887302-A369-4C19-9BF6-779130B07611}.Debug|x86.Build.0 = Debug|Win32
		{39887302-A369-4C19-9BF6-779130B07611}.Release|Any CPU.ActiveCfg = Release|Win32
		{39887302-A369-4C19-9BF6-779130B07611}.Release|x64.ActiveCfg = Release|x64
		{39887302-A369-4C19-9BF6-779130B07611}.Release|x64.Build.0 = Release|x64
		{39887302-A369-4C19-9BF6-779130B07611}.Release|x86.ActiveCfg = Release|Win32
		{39887302-A369-4C19-9BF6-779130B07611}.Release|x86.Build.0 = Release|Win32
		{59A9AA67-CCB2-420B-B531-C5F594679E31}.Debug|Any CPU.ActiveCfg = Debug|Win32
		{59A9AA67-CCB2-420B-B531-C5F594679E31}.Debug|x64.ActiveCfg = Debug|Win32
		{59A9AA67-CCB2-420B-B531-C5F594679E31}.Debug|x86.ActiveCfg = Debug|Win32
		{59A9AA67-CCB2-420B-B531-C5F594679E31}.Debug|x86.Build.0 = Debug|Win32
		{59A9AA67-CCB2-420B-B531-C5F594679E31}.Release|Any CPU.ActiveCfg = Release|Win32
		{59A9AA67-CCB2-420B-B531-C5F594679E31}.Release|x64.ActiveCfg = Release|Win32
		{59A9AA67-CCB2-420B-B531-C5F594679E31}.Release|x86.ActiveCfg = Release|Win32
		{59A9AA67-CCB2-420B-B531-C5F594679E31}.Release|x86.Build.0 = Release|Win32
		{A55F93C2-4006-4A60-BAF0-AD3688C50E35}.Debug|Any CPU.ActiveCfg = Debug|Win32
		{A55F93C2-4006-4A60-BAF0-AD3688C50E35}.Debug|x64.ActiveCfg = Debug|x64
		{A55F93C2-4006-4A60-BAF0-AD3688C50E35}.Debug|x64.Build.0 = Debug|x64
		{A55F93C2-4006-4A60-BAF0-AD3688C50E35}.Debug|x86.ActiveCfg = Debug|Win32
		{A55F93C2-4006-4A60-BAF0-AD3688C50E35}.Debug|x86.Build.0 = Debug|Win32
		{A55F93C2-4006-4A60-BAF0-AD3688C50E35}.Release|Any CPU.ActiveCfg = Release|Win32
		{A55F93C2-4006-4A60-BAF0-AD3688C50E35}.Release|x64.ActiveCfg = Release|x64
		{A55F93C2-4006-4A60-BAF0-AD3688C50E35}.Release|x64.Build.0 = Release|x64
		{A55F93C2-4006-4A60-BAF0-AD3688C50E35}.Release|x86.ActiveCfg = Release|Win32
		{A55F93C2-4006-4A60-BAF0-AD3688C50E35}.Release|x86.Build.0 = Release|Win32
		{54F6915F-F750-4025-AF79-63C10144AE37}.Debug|Any CPU.ActiveCfg = Debug|Win32
		{54F6915F-F750-4025-AF79-63C10144AE37}.Debug|x64.ActiveCfg = Debug|x64
		{54F6915F-F750-4025-AF79-63C10144AE37}.Debug|x64.Build.0 = Debug|x64
		{54F6915F-F750-4025-AF79-63C10144AE37}.Debug|x86.ActiveCfg = Debug|Win32
		{54F6915F-F750-4025-AF79-63C10144AE37}.Debug|x86.Build.0 = Debug|Win32
		{54F6915F-F750-4025-AF79-63C10144AE37}.Release|Any CPU.ActiveCfg = Release|Win32
		{54F6915F-F750-4025-AF79-63C10144AE37}.Release|x64.ActiveCfg = Release|x64
		{54F6915F-F750-4025-AF79-63C10144AE37}.Release|x64.Build.0 = Release|x64
		{54F6915F-F750-4025-AF79-63C10144AE37}.Release|x86.ActiveCfg = Release|Win32
		{54F6915F-F750-4025-AF79-63C10144AE37}.Release|x86.Build.0 = Release|Win32
		{D872AD7C-DB3E-4707-986D-846898A5484D}.Debug|Any CPU.ActiveCfg = Debug|Win32
		{D872AD7C-DB3E-4707-986D-846898A5484D}.Debug|x64.ActiveCfg = Debug|x64
		{D872AD7C-DB3E-4707-986D-846898A5484D}.Debug|x64.Build.0 = Debug|x64
		{D872AD7C-DB3E-4707-986D-846898A5484D}.Debug|x86.ActiveCfg = Debug|Win32
		{D872AD7C-DB3E-4707-986D-846898A5484D}.Debug|x86.Build.0 = Debug|Win32
		{D872AD7C-DB3E-4707-986D-846898A5484D}.Release|Any CPU.ActiveCfg = Release|Win32
		{D872AD7C-DB3E-4707-986D-846898A5484D}.Release|x64.ActiveCfg = Release|x64
		{D872AD7C-DB3E-4707-986D-846898A5484D}.Release|x64.Build.0 = Release|x64
		{D872AD7C-DB3E-4707-986D-846898A5484D}.Release|x86.ActiveCfg = Release|Win32
		{D872AD7C-DB3E-4707-986D-846898A5484D}.Release|x86.Build.0 = Release|Win32
		{32BA6E69-4FDA-403F-AD52-3789479A1BC1}.Debug|Any CPU.ActiveCfg = Debug|Win32
		{32BA6E69-4FDA-403F-AD52-3789479A1BC1}.Debug|x64.ActiveCfg = Debug|x64
		{32BA6E69-4FDA-403F-AD52-3789479A1BC1}.Debug|x64.Build.0 = Debug|x64
		{32BA6E69-4FDA-403F-AD52-3789479A1BC1}.Debug|x86.ActiveCfg = Debug|Win32
		{32BA6E69-4FDA-403F-AD52-3789479A1BC1}.Debug|x86.Build.0 = Debug|Win32
		{32BA6E69-4FDA-403F-AD52-3789479A1BC1}.Release|Any CPU.ActiveCfg = Release|Win32
		{32BA6E69-4FDA-403F-AD52-3789479A1BC1}.Release|x64.ActiveCfg = Release|x64
		{32BA6E69-4FDA-403F-AD52-3789479A1BC1}.Release|x64.Build.0 = Release|x64
		{32BA6E69-4FDA-403F-AD52-3789479A1BC1}.Release|x86.ActiveCfg = Release|Win32
		{32BA6E69-4FDA-403F-AD52-3789479A1BC1}.Release|x86.Build.0 = Release|Win32
		{55C9B527-6CCF-465F-B762-DDB1A248FDB3}.Debug|Any CPU.ActiveCfg = Debug|Win32
		{55C9B527-6CCF-465F-B762-DDB1A248FDB3}.Debug|x64.ActiveCfg = Debug|x64
		{55C9B527-6CCF-465F-B762-DDB1A248FDB3}.Debug|x64.Build.0 = Debug|x64
		{55C9B527-6CCF-465F-B762-DDB1A248FDB3}.Debug|x86.ActiveCfg = Debug|Win32
		{55C9B527-6CCF-465F-B762-DDB1A248FDB3}.Debug|x86.Build.0 = Debug|Win32
		{55C9B527-6CCF-465F-B762-DDB1A248FDB3}.Release|Any CPU.ActiveCfg = Release|Win32
		{55C9B527-6CCF-465F-B762-DDB1A248FDB3}.Release|x64.ActiveCfg = Release|x64
		{55C9B527-6CCF-465F-B762-DDB1A248FDB3}.Release|x64.Build.0 = Release|x64
		{55C9B527-6CCF-465F-B762-DDB1A248FDB3}.Release|x86.ActiveCfg = Release|Win32
		{55C9B527-6CCF-465F-B762-DDB1A248FDB3}.Release|x86.Build.0 = Release|Win32
		{840EBA9B-6D6E-4D60-B803-70B9F26E0E1C}.Debug|Any CPU.ActiveCfg = Debug|Win32
		{840EBA9B-6D6E-4D60-B803-70B9F26E0E1C}.Debug|x64.ActiveCfg = Debug|x64
		{840EBA9B-6D6E-4D60-B803-70B9F26E0E1C}.Debug|x64.Build.0 = Debug|x64
		{840EBA9B-6D6E-4D60-B803-70B9F26E0E1C}.Debug|x86.ActiveCfg = Debug|Win32
		{840EBA9B-6D6E-4D60-B803-70B9F26E0E1C}.Debug|x86.Build.0 = Debug|Win32
		{840EBA9B-6D6E-4D60-B803-70B9F26E0E1C}.Release|Any CPU.ActiveCfg = Release|Win32
		{840EBA9B-6D6E-4D60-B803-70B9F26E0E1C}.Release|x64.ActiveCfg = Release|x64
		{840EBA9B-6D6E-4D60-B803-70B9F26E0E1C}.Release|x64.Build.0 = Release|x64
		{840EBA9B-6D6E-4D60-B803-70B9F26E0E1C}.Release|x86.ActiveCfg = Release|Win32
		{840EBA9B-6D6E-4D60-B803-70B9F26E0E1C}.Release|x86.Build.0 = Release|Win32
	EndGlobalSection
	GlobalSection(SolutionProperties) = preSolution
		HideSolutionNode = FALSE
	EndGlobalSection
	GlobalSection(NestedProjects) = preSolution
		{15ACAB6E-9EC3-4C6A-891F-DE6291474D1E} = {B8A7A953-0FD2-4667-8D34-B365DD069183}
		{5F9CA15D-7B25-42A3-8B49-7D7F111943F2} = {74B2BAC3-8316-4FDC-9793-3B1EB774A001}
		{E8DFCEF9-0B70-4968-BCD8-5338D74C6D7D} = {74B2BAC3-8316-4FDC-9793-3B1EB774A001}
		{B8A7A953-0FD2-4667-8D34-B365DD069183} = {87EBC1C4-3B8D-4DCE-9308-B7505789337C}
		{966AE173-EBDB-41D2-B903-9CA48E7DB40D} = {B8A7A953-0FD2-4667-8D34-B365DD069183}
		{6772DF2F-4C28-432F-9952-57A5994EB0A9} = {B8A7A953-0FD2-4667-8D34-B365DD069183}
		{9CCB5481-5227-4EE7-94EF-4687C63771BB} = {B8A7A953-0FD2-4667-8D34-B365DD069183}
		{FE50182A-6DF6-4C48-ABAA-E8C207908AA7} = {87EBC1C4-3B8D-4DCE-9308-B7505789337C}
		{A8E6A99E-66D0-4FE7-92C7-827B6372F2A7} = {87EBC1C4-3B8D-4DCE-9308-B7505789337C}
		{CC18E95D-75D7-42E9-8FB9-A82586C8DCDD} = {87EBC1C4-3B8D-4DCE-9308-B7505789337C}
		{39887302-A369-4C19-9BF6-779130B07611} = {87EBC1C4-3B8D-4DCE-9308-B7505789337C}
		{59A9AA67-CCB2-420B-B531-C5F594679E31} = {87EBC1C4-3B8D-4DCE-9308-B7505789337C}
		{A55F93C2-4006-4A60-BAF0-AD3688C50E35} = {87EBC1C4-3B8D-4DCE-9308-B7505789337C}
		{54F6915F-F750-4025-AF79-63C10144AE37} = {87EBC1C4-3B8D-4DCE-9308-B7505789337C}
		{D872AD7C-DB3E-4707-986D-846898A5484D} = {87EBC1C4-3B8D-4DCE-9308-B7505789337C}
	EndGlobalSection
	GlobalSection(ExtensibilityGlobals) = postSolution
		SolutionGuid = {25075295-4551-4994-849E-3245F8CABE33}
	EndGlobalSection
EndGlobal
