
Microsoft Visual Studio Solution File, Format Version 12.00
# Visual Studio Version 16
VisualStudioVersion = 16.0.31205.134
MinimumVisualStudioVersion = 10.0.40219.1
Project("{8BC9CEB8-8B4A-11D0-8D11-00A0C91BC942}") = "FichaDiagnostico", "FichaDiagnostico\FichaDiagnostico.vcxproj", "{285004BF-D66B-4673-9D12-FE34D9002973}"
EndProject
Project("{8BC9CEB8-8B4A-11D0-8D11-00A0C91BC942}") = "Aula1", "Aula 1\Aula1.vcxproj", "{C68F8E6D-9D0E-430B-818D-3CCC8A71934D}"
EndProject
Project("{8BC9CEB8-8B4A-11D0-8D11-00A0C91BC942}") = "Aula 2 - Apontadores", "Aula 2 - Apontadores\Aula 2 - Apontadores.vcxproj", "{CF156713-F9E3-4626-AB21-2CE7113B489E}"
EndProject
Project("{8BC9CEB8-8B4A-11D0-8D11-00A0C91BC942}") = "EDA", "EDA\EDA.vcxproj", "{A4DF16EF-5524-458A-9AC6-260837A6FB30}"
EndProject
Global
	GlobalSection(SolutionConfigurationPlatforms) = preSolution
		Debug|x64 = Debug|x64
		Debug|x86 = Debug|x86
		Release|x64 = Release|x64
		Release|x86 = Release|x86
	EndGlobalSection
	GlobalSection(ProjectConfigurationPlatforms) = postSolution
		{285004BF-D66B-4673-9D12-FE34D9002973}.Debug|x64.ActiveCfg = Debug|x64
		{285004BF-D66B-4673-9D12-FE34D9002973}.Debug|x64.Build.0 = Debug|x64
		{285004BF-D66B-4673-9D12-FE34D9002973}.Debug|x86.ActiveCfg = Debug|Win32
		{285004BF-D66B-4673-9D12-FE34D9002973}.Debug|x86.Build.0 = Debug|Win32
		{285004BF-D66B-4673-9D12-FE34D9002973}.Release|x64.ActiveCfg = Release|x64
		{285004BF-D66B-4673-9D12-FE34D9002973}.Release|x64.Build.0 = Release|x64
		{285004BF-D66B-4673-9D12-FE34D9002973}.Release|x86.ActiveCfg = Release|Win32
		{285004BF-D66B-4673-9D12-FE34D9002973}.Release|x86.Build.0 = Release|Win32
		{C68F8E6D-9D0E-430B-818D-3CCC8A71934D}.Debug|x64.ActiveCfg = Debug|x64
		{C68F8E6D-9D0E-430B-818D-3CCC8A71934D}.Debug|x64.Build.0 = Debug|x64
		{C68F8E6D-9D0E-430B-818D-3CCC8A71934D}.Debug|x86.ActiveCfg = Debug|Win32
		{C68F8E6D-9D0E-430B-818D-3CCC8A71934D}.Debug|x86.Build.0 = Debug|Win32
		{C68F8E6D-9D0E-430B-818D-3CCC8A71934D}.Release|x64.ActiveCfg = Release|x64
		{C68F8E6D-9D0E-430B-818D-3CCC8A71934D}.Release|x64.Build.0 = Release|x64
		{C68F8E6D-9D0E-430B-818D-3CCC8A71934D}.Release|x86.ActiveCfg = Release|Win32
		{C68F8E6D-9D0E-430B-818D-3CCC8A71934D}.Release|x86.Build.0 = Release|Win32
		{CF156713-F9E3-4626-AB21-2CE7113B489E}.Debug|x64.ActiveCfg = Debug|x64
		{CF156713-F9E3-4626-AB21-2CE7113B489E}.Debug|x64.Build.0 = Debug|x64
		{CF156713-F9E3-4626-AB21-2CE7113B489E}.Debug|x86.ActiveCfg = Debug|Win32
		{CF156713-F9E3-4626-AB21-2CE7113B489E}.Debug|x86.Build.0 = Debug|Win32
		{CF156713-F9E3-4626-AB21-2CE7113B489E}.Release|x64.ActiveCfg = Release|x64
		{CF156713-F9E3-4626-AB21-2CE7113B489E}.Release|x64.Build.0 = Release|x64
		{CF156713-F9E3-4626-AB21-2CE7113B489E}.Release|x86.ActiveCfg = Release|Win32
		{CF156713-F9E3-4626-AB21-2CE7113B489E}.Release|x86.Build.0 = Release|Win32
		{A4DF16EF-5524-458A-9AC6-260837A6FB30}.Debug|x64.ActiveCfg = Debug|x64
		{A4DF16EF-5524-458A-9AC6-260837A6FB30}.Debug|x64.Build.0 = Debug|x64
		{A4DF16EF-5524-458A-9AC6-260837A6FB30}.Debug|x86.ActiveCfg = Debug|Win32
		{A4DF16EF-5524-458A-9AC6-260837A6FB30}.Debug|x86.Build.0 = Debug|Win32
		{A4DF16EF-5524-458A-9AC6-260837A6FB30}.Release|x64.ActiveCfg = Release|x64
		{A4DF16EF-5524-458A-9AC6-260837A6FB30}.Release|x64.Build.0 = Release|x64
		{A4DF16EF-5524-458A-9AC6-260837A6FB30}.Release|x86.ActiveCfg = Release|Win32
		{A4DF16EF-5524-458A-9AC6-260837A6FB30}.Release|x86.Build.0 = Release|Win32
	EndGlobalSection
	GlobalSection(SolutionProperties) = preSolution
		HideSolutionNode = FALSE
	EndGlobalSection
	GlobalSection(ExtensibilityGlobals) = postSolution
		SolutionGuid = {25075295-4551-4994-849E-3245F8CABE33}
	EndGlobalSection
EndGlobal
